
Microsoft Visual Studio Solution File, Format Version 12.00
# Visual Studio Version 17
VisualStudioVersion = 17.3.32825.248
MinimumVisualStudioVersion = 10.0.40219.1
Project("{FAE04EC0-301F-11D3-BF4B-00C04F79EFBC}") = "Day2Hack2023", "Day2Hack2023\Day2Hack2023.csproj", "{F12D22C0-958A-4ABB-8FBD-33F4FEB701C5}"
EndProject
Global
	GlobalSection(SolutionConfigurationPlatforms) = preSolution
		Debug|Any CPU = Debug|Any CPU
		Release|Any CPU = Release|Any CPU
	EndGlobalSection
	GlobalSection(ProjectConfigurationPlatforms) = postSolution
		{F12D22C0-958A-4ABB-8FBD-33F4FEB701C5}.Debug|Any CPU.ActiveCfg = Debug|Any CPU
		{F12D22C0-958A-4ABB-8FBD-33F4FEB701C5}.Debug|Any CPU.Build.0 = Debug|Any CPU
		{F12D22C0-958A-4ABB-8FBD-33F4FEB701C5}.Release|Any CPU.ActiveCfg = Release|Any CPU
		{F12D22C0-958A-4ABB-8FBD-33F4FEB701C5}.Release|Any CPU.Build.0 = Release|Any CPU
	EndGlobalSection
	GlobalSection(SolutionProperties) = preSolution
		HideSolutionNode = FALSE
	EndGlobalSection
	GlobalSection(ExtensibilityGlobals) = postSolution
		SolutionGuid = {B62FC831-7769-47B8-9D5F-DE20F5E787E9}
	EndGlobalSection
EndGlobal
